<?xml version="1.0" encoding="utf-8"?>
<Project ToolsVersion="16.0" xmlns="http://schemas.microsoft.com/developer/msbuild/2003">
  <ItemGroup>
    <ClCompile Include="C:\Users\human\Desktop\4학년 플젝\SoftRenderer\Source\Runtime\Math\Precompiled.cpp" />
    <ClCompile Include="C:\Users\human\Desktop\4학년 플젝\SoftRenderer\Source\Runtime\Math\Private\Color32.cpp">
      <Filter>Private</Filter>
    </ClCompile>
    <ClCompile Include="C:\Users\human\Desktop\4학년 플젝\SoftRenderer\Source\Runtime\Math\Private\LinearColor.cpp">
      <Filter>Private</Filter>
    </ClCompile>
    <ClCompile Include="C:\Users\human\Desktop\4학년 플젝\SoftRenderer\Source\Runtime\Math\Private\Math.cpp">
      <Filter>Private</Filter>
    </ClCompile>
    <ClCompile Include="C:\Users\human\Desktop\4학년 플젝\SoftRenderer\Source\Runtime\Math\Private\Matrix2x2.cpp">
      <Filter>Private</Filter>
    </ClCompile>
    <ClCompile Include="C:\Users\human\Desktop\4학년 플젝\SoftRenderer\Source\Runtime\Math\Private\Matrix3x3.cpp">
      <Filter>Private</Filter>
    </ClCompile>
    <ClCompile Include="C:\Users\human\Desktop\4학년 플젝\SoftRenderer\Source\Runtime\Math\Private\Vector2.cpp">
      <Filter>Private</Filter>
    </ClCompile>
    <ClCompile Include="C:\Users\human\Desktop\4학년 플젝\SoftRenderer\Source\Runtime\Math\Private\Vector3.cpp">
      <Filter>Private</Filter>
    </ClCompile>
  </ItemGroup>
  <ItemGroup>
    <ClInclude Include="C:\Users\human\Desktop\4학년 플젝\SoftRenderer\Source\Runtime\Math\Precompiled.h" />
    <ClInclude Include="C:\Users\human\Desktop\4학년 플젝\SoftRenderer\Source\Runtime\Math\Public\Color32.h">
      <Filter>Public</Filter>
    </ClInclude>
    <ClInclude Include="C:\Users\human\Desktop\4학년 플젝\SoftRenderer\Source\Runtime\Math\Public\CoreDefinition.h">
      <Filter>Public</Filter>
    </ClInclude>
    <ClInclude Include="C:\Users\human\Desktop\4학년 플젝\SoftRenderer\Source\Runtime\Math\Public\LinearColor.h">
      <Filter>Public</Filter>
    </ClInclude>
    <ClInclude Include="C:\Users\human\Desktop\4학년 플젝\SoftRenderer\Source\Runtime\Math\Public\MathHeaders.h">
      <Filter>Public</Filter>
    </ClInclude>
    <ClInclude Include="C:\Users\human\Desktop\4학년 플젝\SoftRenderer\Source\Runtime\Math\Public\MathUtil.h">
      <Filter>Public</Filter>
    </ClInclude>
    <ClInclude Include="C:\Users\human\Desktop\4학년 플젝\SoftRenderer\Source\Runtime\Math\Public\Matrix2x2.h">
      <Filter>Public</Filter>
    </ClInclude>
    <ClInclude Include="C:\Users\human\Desktop\4학년 플젝\SoftRenderer\Source\Runtime\Math\Public\Matrix3x3.h">
      <Filter>Public</Filter>
    </ClInclude>
    <ClInclude Include="C:\Users\human\Desktop\4학년 플젝\SoftRenderer\Source\Runtime\Math\Public\Vector2.h">
      <Filter>Public</Filter>
    </ClInclude>
    <ClInclude Include="C:\Users\human\Desktop\4학년 플젝\SoftRenderer\Source\Runtime\Math\Public\Vector3.h">
      <Filter>Public</Filter>
    </ClInclude>
  </ItemGroup>
  <ItemGroup>
    <Filter Include="Private">
      <UniqueIdentifier>{8DD4A653-858E-36A2-970D-A7AFF866C572}</UniqueIdentifier>
    </Filter>
    <Filter Include="Public">
      <UniqueIdentifier>{59B76FCA-7396-3E70-817B-F988D4B1A277}</UniqueIdentifier>
    </Filter>
  </ItemGroup>
</Project>
