Microsoft Visual Studio Solution File, Format Version 12.00
# Visual Studio 16
Project("{8BC9CEB8-8B4A-11D0-8D11-00A0C91BC942}") = "ALL_BUILD", "ALL_BUILD.vcxproj", "{91471F47-D8FD-386E-AF52-FD320560C99C}"
	ProjectSection(ProjectDependencies) = postProject
		{4375C68A-B045-38D5-8D8F-3CDDEB42B471} = {4375C68A-B045-38D5-8D8F-3CDDEB42B471}
	EndProjectSection
EndProject
Project("{8BC9CEB8-8B4A-11D0-8D11-00A0C91BC942}") = "EngineModule", "..\Runtime\Engine\EngineModule.vcxproj", "{8A85990E-2493-3C13-9ADB-BE65758126C3}"
	ProjectSection(ProjectDependencies) = postProject
		{2441EC94-7ECE-3E67-ADE1-FE8C125313CF} = {2441EC94-7ECE-3E67-ADE1-FE8C125313CF}
	EndProjectSection
EndProject
Project("{8BC9CEB8-8B4A-11D0-8D11-00A0C91BC942}") = "MathModule", "..\Runtime\Math\MathModule.vcxproj", "{2441EC94-7ECE-3E67-ADE1-FE8C125313CF}"
	ProjectSection(ProjectDependencies) = postProject
	EndProjectSection
EndProject
Project("{8BC9CEB8-8B4A-11D0-8D11-00A0C91BC942}") = "RendererModule", "..\Runtime\Renderer\RendererModule.vcxproj", "{EE6E99C4-FE9C-3701-B03A-408D8C8CB2B4}"
	ProjectSection(ProjectDependencies) = postProject
		{2441EC94-7ECE-3E67-ADE1-FE8C125313CF} = {2441EC94-7ECE-3E67-ADE1-FE8C125313CF}
	EndProjectSection
EndProject
Project("{8BC9CEB8-8B4A-11D0-8D11-00A0C91BC942}") = "SoftRendererPlayer", "SoftRendererPlayer.vcxproj", "{4375C68A-B045-38D5-8D8F-3CDDEB42B471}"
	ProjectSection(ProjectDependencies) = postProject
		{8A85990E-2493-3C13-9ADB-BE65758126C3} = {8A85990E-2493-3C13-9ADB-BE65758126C3}
		{2441EC94-7ECE-3E67-ADE1-FE8C125313CF} = {2441EC94-7ECE-3E67-ADE1-FE8C125313CF}
		{EE6E99C4-FE9C-3701-B03A-408D8C8CB2B4} = {EE6E99C4-FE9C-3701-B03A-408D8C8CB2B4}
	EndProjectSection
EndProject
Global
	GlobalSection(SolutionConfigurationPlatforms) = preSolution
		Debug|x64 = Debug|x64
		Release|x64 = Release|x64
	EndGlobalSection
	GlobalSection(ProjectConfigurationPlatforms) = postSolution
		{91471F47-D8FD-386E-AF52-FD320560C99C}.Debug|x64.ActiveCfg = Debug|x64
		{91471F47-D8FD-386E-AF52-FD320560C99C}.Release|x64.ActiveCfg = Release|x64
		{8A85990E-2493-3C13-9ADB-BE65758126C3}.Debug|x64.ActiveCfg = Debug|x64
		{8A85990E-2493-3C13-9ADB-BE65758126C3}.Debug|x64.Build.0 = Debug|x64
		{8A85990E-2493-3C13-9ADB-BE65758126C3}.Release|x64.ActiveCfg = Release|x64
		{8A85990E-2493-3C13-9ADB-BE65758126C3}.Release|x64.Build.0 = Release|x64
		{2441EC94-7ECE-3E67-ADE1-FE8C125313CF}.Debug|x64.ActiveCfg = Debug|x64
		{2441EC94-7ECE-3E67-ADE1-FE8C125313CF}.Debug|x64.Build.0 = Debug|x64
		{2441EC94-7ECE-3E67-ADE1-FE8C125313CF}.Release|x64.ActiveCfg = Release|x64
		{2441EC94-7ECE-3E67-ADE1-FE8C125313CF}.Release|x64.Build.0 = Release|x64
		{EE6E99C4-FE9C-3701-B03A-408D8C8CB2B4}.Debug|x64.ActiveCfg = Debug|x64
		{EE6E99C4-FE9C-3701-B03A-408D8C8CB2B4}.Debug|x64.Build.0 = Debug|x64
		{EE6E99C4-FE9C-3701-B03A-408D8C8CB2B4}.Release|x64.ActiveCfg = Release|x64
		{EE6E99C4-FE9C-3701-B03A-408D8C8CB2B4}.Release|x64.Build.0 = Release|x64
		{4375C68A-B045-38D5-8D8F-3CDDEB42B471}.Debug|x64.ActiveCfg = Debug|x64
		{4375C68A-B045-38D5-8D8F-3CDDEB42B471}.Debug|x64.Build.0 = Debug|x64
		{4375C68A-B045-38D5-8D8F-3CDDEB42B471}.Release|x64.ActiveCfg = Release|x64
		{4375C68A-B045-38D5-8D8F-3CDDEB42B471}.Release|x64.Build.0 = Release|x64
	EndGlobalSection
	GlobalSection(ExtensibilityGlobals) = postSolution
		SolutionGuid = {1E025D9C-6529-3019-8FB7-40B6AD23EDCC}
	EndGlobalSection
	GlobalSection(ExtensibilityAddIns) = postSolution
	EndGlobalSection
EndGlobal
